
Microsoft Visual Studio Solution File, Format Version 12.00
# Visual Studio Version 16
VisualStudioVersion = 16.0.31019.35
MinimumVisualStudioVersion = 10.0.40219.1
Project("{FAE04EC0-301F-11D3-BF4B-00C04F79EFBC}") = "1,2.Form.Bobrov_Philipp", "HomeWok1.Bobrov_Philipp\1,2.Form.Bobrov_Philipp.csproj", "{B99E75FF-6C2C-4415-9390-8FFA992B9D6B}"
EndProject
Project("{FAE04EC0-301F-11D3-BF4B-00C04F79EFBC}") = "3.DistanseXY.Bobrov_Philipp", "DistanseXY.Bobrov_Philipp\3.DistanseXY.Bobrov_Philipp.csproj", "{47DFFA5D-DDA7-478F-8844-D48ACF39B0B0}"
EndProject
Project("{FAE04EC0-301F-11D3-BF4B-00C04F79EFBC}") = "4.Value_to_Value.Bobrov_Philipp", "4.Value_to_Value.Bobrov_Philipp\4.Value_to_Value.Bobrov_Philipp.csproj", "{05911857-92A2-4B76-81A4-D28442702BB1}"
EndProject
Project("{FAE04EC0-301F-11D3-BF4B-00C04F79EFBC}") = "5.Name_Surname_City.Bobrov_Philipp", "5.Name_Surname_City.Bobrov_Philipp\5.Name_Surname_City.Bobrov_Philipp.csproj", "{1AD94C8D-9040-4327-88CD-2DA4BB97E253}"
EndProject
Project("{FAE04EC0-301F-11D3-BF4B-00C04F79EFBC}") = "6.MyMetodAndFunction.Bobrov_Philipp", "6.MyMetodAndFunction.Bobrov_Philipp\6.MyMetodAndFunction.Bobrov_Philipp.csproj", "{E22D35EF-FAF2-435F-B13F-AA6888BA49A7}"
EndProject
Global
	GlobalSection(SolutionConfigurationPlatforms) = preSolution
		Debug|Any CPU = Debug|Any CPU
		Release|Any CPU = Release|Any CPU
	EndGlobalSection
	GlobalSection(ProjectConfigurationPlatforms) = postSolution
		{B99E75FF-6C2C-4415-9390-8FFA992B9D6B}.Debug|Any CPU.ActiveCfg = Debug|Any CPU
		{B99E75FF-6C2C-4415-9390-8FFA992B9D6B}.Debug|Any CPU.Build.0 = Debug|Any CPU
		{B99E75FF-6C2C-4415-9390-8FFA992B9D6B}.Release|Any CPU.ActiveCfg = Release|Any CPU
		{B99E75FF-6C2C-4415-9390-8FFA992B9D6B}.Release|Any CPU.Build.0 = Release|Any CPU
		{47DFFA5D-DDA7-478F-8844-D48ACF39B0B0}.Debug|Any CPU.ActiveCfg = Debug|Any CPU
		{47DFFA5D-DDA7-478F-8844-D48ACF39B0B0}.Debug|Any CPU.Build.0 = Debug|Any CPU
		{47DFFA5D-DDA7-478F-8844-D48ACF39B0B0}.Release|Any CPU.ActiveCfg = Release|Any CPU
		{47DFFA5D-DDA7-478F-8844-D48ACF39B0B0}.Release|Any CPU.Build.0 = Release|Any CPU
		{05911857-92A2-4B76-81A4-D28442702BB1}.Debug|Any CPU.ActiveCfg = Debug|Any CPU
		{05911857-92A2-4B76-81A4-D28442702BB1}.Debug|Any CPU.Build.0 = Debug|Any CPU
		{05911857-92A2-4B76-81A4-D28442702BB1}.Release|Any CPU.ActiveCfg = Release|Any CPU
		{05911857-92A2-4B76-81A4-D28442702BB1}.Release|Any CPU.Build.0 = Release|Any CPU
		{1AD94C8D-9040-4327-88CD-2DA4BB97E253}.Debug|Any CPU.ActiveCfg = Debug|Any CPU
		{1AD94C8D-9040-4327-88CD-2DA4BB97E253}.Debug|Any CPU.Build.0 = Debug|Any CPU
		{1AD94C8D-9040-4327-88CD-2DA4BB97E253}.Release|Any CPU.ActiveCfg = Release|Any CPU
		{1AD94C8D-9040-4327-88CD-2DA4BB97E253}.Release|Any CPU.Build.0 = Release|Any CPU
		{E22D35EF-FAF2-435F-B13F-AA6888BA49A7}.Debug|Any CPU.ActiveCfg = Debug|Any CPU
		{E22D35EF-FAF2-435F-B13F-AA6888BA49A7}.Debug|Any CPU.Build.0 = Debug|Any CPU
		{E22D35EF-FAF2-435F-B13F-AA6888BA49A7}.Release|Any CPU.ActiveCfg = Release|Any CPU
		{E22D35EF-FAF2-435F-B13F-AA6888BA49A7}.Release|Any CPU.Build.0 = Release|Any CPU
	EndGlobalSection
	GlobalSection(SolutionProperties) = preSolution
		HideSolutionNode = FALSE
	EndGlobalSection
	GlobalSection(ExtensibilityGlobals) = postSolution
		SolutionGuid = {5D5F39BC-F18F-4D5F-BA4F-3EED0ADCC237}
	EndGlobalSection
EndGlobal
